Microsoft Visual Studio Solution File, Format Version 12.00
# Visual Studio Version 18
VisualStudioVersion = 18.0.11205.157
MinimumVisualStudioVersion = 10.0.40219.1
Project("{9A19103F-16F7-4668-BE54-9A1E7A4F7556}") = "mp4Parser", "mp4Parser\mp4Parser.csproj", "{EDFC88AC-07F5-4983-A310-29E0D66670E2}"
EndProject
Project("{9A19103F-16F7-4668-BE54-9A1E7A4F7556}") = "mp4Parser.Cli", "mp4Parser.Cli\mp4Parser.Cli.csproj", "{D5A230F1-56AF-4587-AB64-73B095E98753}"
EndProject
Global
	GlobalSection(SolutionConfigurationPlatforms) = preSolution
		Debug|Any CPU = Debug|Any CPU
		Release|Any CPU = Release|Any CPU
	EndGlobalSection
	GlobalSection(ProjectConfigurationPlatforms) = postSolution
		{EDFC88AC-07F5-4983-A310-29E0D66670E2}.Debug|Any CPU.ActiveCfg = Debug|Any CPU
		{EDFC88AC-07F5-4983-A310-29E0D66670E2}.Debug|Any CPU.Build.0 = Debug|Any CPU
		{EDFC88AC-07F5-4983-A310-29E0D66670E2}.Release|Any CPU.ActiveCfg = Release|Any CPU
		{EDFC88AC-07F5-4983-A310-29E0D66670E2}.Release|Any CPU.Build.0 = Release|Any CPU
		{D5A230F1-56AF-4587-AB64-73B095E98753}.Debug|Any CPU.ActiveCfg = Debug|Any CPU
		{D5A230F1-56AF-4587-AB64-73B095E98753}.Debug|Any CPU.Build.0 = Debug|Any CPU
		{D5A230F1-56AF-4587-AB64-73B095E98753}.Release|Any CPU.ActiveCfg = Release|Any CPU
		{D5A230F1-56AF-4587-AB64-73B095E98753}.Release|Any CPU.Build.0 = Release|Any CPU
	EndGlobalSection
	GlobalSection(SolutionProperties) = preSolution
		HideSolutionNode = FALSE
	EndGlobalSection
EndGlobal
